Microsoft Visual Studio Solution File, Format Version 12.00
# Visual Studio Version 17
VisualStudioVersion = 17.5.2.0
MinimumVisualStudioVersion = 10.0.40219.1
Project("{FAE04EC0-301F-11D3-BF4B-00C04F79EFBC}") = "transporteEscolar.Application", "transporteEscolar.Application.csproj", "{2FBFA387-AEC1-3055-5408-639FC3052955}"
EndProject
Global
	GlobalSection(SolutionConfigurationPlatforms) = preSolution
		Debug|Any CPU = Debug|Any CPU
		Release|Any CPU = Release|Any CPU
	EndGlobalSection
	GlobalSection(ProjectConfigurationPlatforms) = postSolution
		{2FBFA387-AEC1-3055-5408-639FC3052955}.Debug|Any CPU.ActiveCfg = Debug|Any CPU
		{2FBFA387-AEC1-3055-5408-639FC3052955}.Debug|Any CPU.Build.0 = Debug|Any CPU
		{2FBFA387-AEC1-3055-5408-639FC3052955}.Release|Any CPU.ActiveCfg = Release|Any CPU
		{2FBFA387-AEC1-3055-5408-639FC3052955}.Release|Any CPU.Build.0 = Release|Any CPU
	EndGlobalSection
	GlobalSection(SolutionProperties) = preSolution
		HideSolutionNode = FALSE
	EndGlobalSection
	GlobalSection(ExtensibilityGlobals) = postSolution
		SolutionGuid = {F95FA27E-E2B4-4155-97FD-057A4131DF49}
	EndGlobalSection
EndGlobal
