
Microsoft Visual Studio Solution File, Format Version 12.00
# Visual Studio Version 17
VisualStudioVersion = 17.0.31903.59
MinimumVisualStudioVersion = 10.0.40219.1
Project("{FAE04EC0-301F-11D3-BF4B-00C04F79EFBC}") = "transporteEscolar.Domain", "transporteEscolar.Domain\transporteEscolar.Domain.csproj", "{BCD430D0-785C-4E11-B401-672B3BB4BE95}"
EndProject
Project("{FAE04EC0-301F-11D3-BF4B-00C04F79EFBC}") = "transporteEscolar.Infrastructure", "transporteEscolar.Infrastructure\transporteEscolar.Infrastructure.csproj", "{FA1967A5-CDE4-4AEF-9DA3-1DEDFE3C7967}"
EndProject
Project("{FAE04EC0-301F-11D3-BF4B-00C04F79EFBC}") = "transporteEscolar.Application", "transporteEscolar.Application\transporteEscolar.Application.csproj", "{02734471-CB15-499B-8302-5B0C210BED88}"
EndProject
Project("{FAE04EC0-301F-11D3-BF4B-00C04F79EFBC}") = "transporteEscolar.Web", "transporteEscolar.Web\transporteEscolar.Web.csproj", "{2EC10DE1-4704-4A35-AE70-2E8788990776}"
EndProject
Project("{FAE04EC0-301F-11D3-BF4B-00C04F79EFBC}") = "transporteEscolar.API", "transporteEscolar.API\transporteEscolar.API.csproj", "{4EFDC0E5-E60F-4967-BA3F-B1078AE6977A}"
EndProject
Global
	GlobalSection(SolutionConfigurationPlatforms) = preSolution
		Debug|Any CPU = Debug|Any CPU
		Release|Any CPU = Release|Any CPU
	EndGlobalSection
	GlobalSection(SolutionProperties) = preSolution
		HideSolutionNode = FALSE
	EndGlobalSection
	GlobalSection(ProjectConfigurationPlatforms) = postSolution
		{BCD430D0-785C-4E11-B401-672B3BB4BE95}.Debug|Any CPU.ActiveCfg = Debug|Any CPU
		{BCD430D0-785C-4E11-B401-672B3BB4BE95}.Debug|Any CPU.Build.0 = Debug|Any CPU
		{BCD430D0-785C-4E11-B401-672B3BB4BE95}.Release|Any CPU.ActiveCfg = Release|Any CPU
		{BCD430D0-785C-4E11-B401-672B3BB4BE95}.Release|Any CPU.Build.0 = Release|Any CPU
		{FA1967A5-CDE4-4AEF-9DA3-1DEDFE3C7967}.Debug|Any CPU.ActiveCfg = Debug|Any CPU
		{FA1967A5-CDE4-4AEF-9DA3-1DEDFE3C7967}.Debug|Any CPU.Build.0 = Debug|Any CPU
		{FA1967A5-CDE4-4AEF-9DA3-1DEDFE3C7967}.Release|Any CPU.ActiveCfg = Release|Any CPU
		{FA1967A5-CDE4-4AEF-9DA3-1DEDFE3C7967}.Release|Any CPU.Build.0 = Release|Any CPU
		{02734471-CB15-499B-8302-5B0C210BED88}.Debug|Any CPU.ActiveCfg = Debug|Any CPU
		{02734471-CB15-499B-8302-5B0C210BED88}.Debug|Any CPU.Build.0 = Debug|Any CPU
		{02734471-CB15-499B-8302-5B0C210BED88}.Release|Any CPU.ActiveCfg = Release|Any CPU
		{02734471-CB15-499B-8302-5B0C210BED88}.Release|Any CPU.Build.0 = Release|Any CPU
		{2EC10DE1-4704-4A35-AE70-2E8788990776}.Debug|Any CPU.ActiveCfg = Debug|Any CPU
		{2EC10DE1-4704-4A35-AE70-2E8788990776}.Debug|Any CPU.Build.0 = Debug|Any CPU
		{2EC10DE1-4704-4A35-AE70-2E8788990776}.Release|Any CPU.ActiveCfg = Release|Any CPU
		{2EC10DE1-4704-4A35-AE70-2E8788990776}.Release|Any CPU.Build.0 = Release|Any CPU
		{4EFDC0E5-E60F-4967-BA3F-B1078AE6977A}.Debug|Any CPU.ActiveCfg = Debug|Any CPU
		{4EFDC0E5-E60F-4967-BA3F-B1078AE6977A}.Debug|Any CPU.Build.0 = Debug|Any CPU
		{4EFDC0E5-E60F-4967-BA3F-B1078AE6977A}.Release|Any CPU.ActiveCfg = Release|Any CPU
		{4EFDC0E5-E60F-4967-BA3F-B1078AE6977A}.Release|Any CPU.Build.0 = Release|Any CPU
	EndGlobalSection
EndGlobal
